Microsoft Visual Studio Solution File, Format Version 12.00
# Visual Studio Version 17
VisualStudioVersion = 17.9.34714.143
MinimumVisualStudioVersion = 10.0.40219.1
Project("{9A19103F-16F7-4668-BE54-9A1E7A4F7556}") = "Assignment4_Dariya_N01633069", "Assignment4_Dariya_N01633069\Assignment4_Dariya_N01633069.csproj", "{A9EE29FD-19E6-4845-A7E5-81CCE8CA7E01}"
EndProject
Global
	GlobalSection(SolutionConfigurationPlatforms) = preSolution
		Debug|Any CPU = Debug|Any CPU
		Release|Any CPU = Release|Any CPU
	EndGlobalSection
	GlobalSection(ProjectConfigurationPlatforms) = postSolution
		{A9EE29FD-19E6-4845-A7E5-81CCE8CA7E01}.Debug|Any CPU.ActiveCfg = Debug|Any CPU
		{A9EE29FD-19E6-4845-A7E5-81CCE8CA7E01}.Debug|Any CPU.Build.0 = Debug|Any CPU
		{A9EE29FD-19E6-4845-A7E5-81CCE8CA7E01}.Release|Any CPU.ActiveCfg = Release|Any CPU
		{A9EE29FD-19E6-4845-A7E5-81CCE8CA7E01}.Release|Any CPU.Build.0 = Release|Any CPU
	EndGlobalSection
	GlobalSection(SolutionProperties) = preSolution
		HideSolutionNode = FALSE
	EndGlobalSection
	GlobalSection(ExtensibilityGlobals) = postSolution
		SolutionGuid = {BD0A8B12-ED08-410D-9392-CD8F20D71EE2}
	EndGlobalSection
EndGlobal
